
Microsoft Visual Studio Solution File, Format Version 12.00
# Visual Studio 14
VisualStudioVersion = 14.0.25420.1
MinimumVisualStudioVersion = 10.0.40219.1
Project("{2150E333-8FDC-42A3-9474-1A3956D46DE8}") = "Web", "Web", "{CE287F71-D1C9-432B-8CCE-0EB6094DAB65}"
EndProject
Project("{2150E333-8FDC-42A3-9474-1A3956D46DE8}") = "Data", "Data", "{84BCBD63-19BF-4FB7-A345-2B31CE7E4503}"
EndProject
Project("{FAE04EC0-301F-11D3-BF4B-00C04F79EFBC}") = "Models", "Models\Models.csproj", "{F2968904-943A-48A9-B8C9-A87D50F60DF0}"
EndProject
Project("{FAE04EC0-301F-11D3-BF4B-00C04F79EFBC}") = "Data", "Data\Data.csproj", "{7FBC542A-B21F-4468-9D69-4CCF1ED2FDE6}"
EndProject
Project("{FAE04EC0-301F-11D3-BF4B-00C04F79EFBC}") = "CarInfoWebClient", "CarInfoWebClient\CarInfoWebClient.csproj", "{534E3CF3-C907-4FA9-83E8-E62B04A5CF4A}"
EndProject
Global
	GlobalSection(SolutionConfigurationPlatforms) = preSolution
		Debug|Any CPU = Debug|Any CPU
		Release|Any CPU = Release|Any CPU
	EndGlobalSection
	GlobalSection(ProjectConfigurationPlatforms) = postSolution
		{F2968904-943A-48A9-B8C9-A87D50F60DF0}.Debug|Any CPU.ActiveCfg = Debug|Any CPU
		{F2968904-943A-48A9-B8C9-A87D50F60DF0}.Debug|Any CPU.Build.0 = Debug|Any CPU
		{F2968904-943A-48A9-B8C9-A87D50F60DF0}.Release|Any CPU.ActiveCfg = Release|Any CPU
		{F2968904-943A-48A9-B8C9-A87D50F60DF0}.Release|Any CPU.Build.0 = Release|Any CPU
		{7FBC542A-B21F-4468-9D69-4CCF1ED2FDE6}.Debug|Any CPU.ActiveCfg = Debug|Any CPU
		{7FBC542A-B21F-4468-9D69-4CCF1ED2FDE6}.Debug|Any CPU.Build.0 = Debug|Any CPU
		{7FBC542A-B21F-4468-9D69-4CCF1ED2FDE6}.Release|Any CPU.ActiveCfg = Release|Any CPU
		{7FBC542A-B21F-4468-9D69-4CCF1ED2FDE6}.Release|Any CPU.Build.0 = Release|Any CPU
		{534E3CF3-C907-4FA9-83E8-E62B04A5CF4A}.Debug|Any CPU.ActiveCfg = Debug|Any CPU
		{534E3CF3-C907-4FA9-83E8-E62B04A5CF4A}.Debug|Any CPU.Build.0 = Debug|Any CPU
		{534E3CF3-C907-4FA9-83E8-E62B04A5CF4A}.Release|Any CPU.ActiveCfg = Release|Any CPU
		{534E3CF3-C907-4FA9-83E8-E62B04A5CF4A}.Release|Any CPU.Build.0 = Release|Any CPU
	EndGlobalSection
	GlobalSection(SolutionProperties) = preSolution
		HideSolutionNode = FALSE
	EndGlobalSection
	GlobalSection(NestedProjects) = preSolution
		{F2968904-943A-48A9-B8C9-A87D50F60DF0} = {84BCBD63-19BF-4FB7-A345-2B31CE7E4503}
		{7FBC542A-B21F-4468-9D69-4CCF1ED2FDE6} = {84BCBD63-19BF-4FB7-A345-2B31CE7E4503}
		{534E3CF3-C907-4FA9-83E8-E62B04A5CF4A} = {CE287F71-D1C9-432B-8CCE-0EB6094DAB65}
	EndGlobalSection
EndGlobal
